
Microsoft Visual Studio Solution File, Format Version 12.00
# Visual Studio Version 16
VisualStudioVersion = 16.0.29324.140
MinimumVisualStudioVersion = 10.0.40219.1
Project("{FAE04EC0-301F-11D3-BF4B-00C04F79EFBC}") = "Projects", "Projects.csproj", "{CE0D2815-DC6C-4928-9B6B-95798051C852}"
EndProject
Project("{9A19103F-16F7-4668-BE54-9A1E7A4F7556}") = "Logger", "..\Logger\Logger.csproj", "{5B61F755-8696-45CE-8F89-9FCC0FC21BA3}"
EndProject
Project("{FAE04EC0-301F-11D3-BF4B-00C04F79EFBC}") = "DatabaseTransactions", "..\DatabaeTransactions\DatabaseTransactions.csproj", "{85700836-377C-4921-ABB9-6F5AA383CD68}"
EndProject
Project("{FAE04EC0-301F-11D3-BF4B-00C04F79EFBC}") = "clsLicensing", "..\clsLicensing\clsLicensing.csproj", "{B5FF1BD2-DFA1-4339-A88B-CCEA76A5F42E}"
EndProject
Project("{FAE04EC0-301F-11D3-BF4B-00C04F79EFBC}") = "CryptoNytes", "..\CryptoNytes\CryptoNytes.csproj", "{041B5416-B55D-4CA1-91C2-66ED7B825BBC}"
EndProject
Project("{FAE04EC0-301F-11D3-BF4B-00C04F79EFBC}") = "BussinessLogic", "..\BussinessLogic\BussinessLogic.csproj", "{4CE1C6D8-91C2-462A-AD6C-C05FCD8244C0}"
EndProject
Global
	GlobalSection(SolutionConfigurationPlatforms) = preSolution
		Debug|Any CPU = Debug|Any CPU
		Release|Any CPU = Release|Any CPU
	EndGlobalSection
	GlobalSection(ProjectConfigurationPlatforms) = postSolution
		{CE0D2815-DC6C-4928-9B6B-95798051C852}.Debug|Any CPU.ActiveCfg = Debug|Any CPU
		{CE0D2815-DC6C-4928-9B6B-95798051C852}.Debug|Any CPU.Build.0 = Debug|Any CPU
		{CE0D2815-DC6C-4928-9B6B-95798051C852}.Release|Any CPU.ActiveCfg = Release|Any CPU
		{CE0D2815-DC6C-4928-9B6B-95798051C852}.Release|Any CPU.Build.0 = Release|Any CPU
		{5B61F755-8696-45CE-8F89-9FCC0FC21BA3}.Debug|Any CPU.ActiveCfg = Debug|Any CPU
		{5B61F755-8696-45CE-8F89-9FCC0FC21BA3}.Debug|Any CPU.Build.0 = Debug|Any CPU
		{5B61F755-8696-45CE-8F89-9FCC0FC21BA3}.Release|Any CPU.ActiveCfg = Release|Any CPU
		{5B61F755-8696-45CE-8F89-9FCC0FC21BA3}.Release|Any CPU.Build.0 = Release|Any CPU
		{85700836-377C-4921-ABB9-6F5AA383CD68}.Debug|Any CPU.ActiveCfg = Debug|Any CPU
		{85700836-377C-4921-ABB9-6F5AA383CD68}.Debug|Any CPU.Build.0 = Debug|Any CPU
		{85700836-377C-4921-ABB9-6F5AA383CD68}.Release|Any CPU.ActiveCfg = Release|Any CPU
		{85700836-377C-4921-ABB9-6F5AA383CD68}.Release|Any CPU.Build.0 = Release|Any CPU
		{B5FF1BD2-DFA1-4339-A88B-CCEA76A5F42E}.Debug|Any CPU.ActiveCfg = Debug|Any CPU
		{B5FF1BD2-DFA1-4339-A88B-CCEA76A5F42E}.Debug|Any CPU.Build.0 = Debug|Any CPU
		{B5FF1BD2-DFA1-4339-A88B-CCEA76A5F42E}.Release|Any CPU.ActiveCfg = Release|Any CPU
		{B5FF1BD2-DFA1-4339-A88B-CCEA76A5F42E}.Release|Any CPU.Build.0 = Release|Any CPU
		{041B5416-B55D-4CA1-91C2-66ED7B825BBC}.Debug|Any CPU.ActiveCfg = Debug|Any CPU
		{041B5416-B55D-4CA1-91C2-66ED7B825BBC}.Debug|Any CPU.Build.0 = Debug|Any CPU
		{041B5416-B55D-4CA1-91C2-66ED7B825BBC}.Release|Any CPU.ActiveCfg = Release|Any CPU
		{041B5416-B55D-4CA1-91C2-66ED7B825BBC}.Release|Any CPU.Build.0 = Release|Any CPU
		{4CE1C6D8-91C2-462A-AD6C-C05FCD8244C0}.Debug|Any CPU.ActiveCfg = Debug|Any CPU
		{4CE1C6D8-91C2-462A-AD6C-C05FCD8244C0}.Debug|Any CPU.Build.0 = Debug|Any CPU
		{4CE1C6D8-91C2-462A-AD6C-C05FCD8244C0}.Release|Any CPU.ActiveCfg = Release|Any CPU
		{4CE1C6D8-91C2-462A-AD6C-C05FCD8244C0}.Release|Any CPU.Build.0 = Release|Any CPU
	EndGlobalSection
	GlobalSection(SolutionProperties) = preSolution
		HideSolutionNode = FALSE
	EndGlobalSection
	GlobalSection(ExtensibilityGlobals) = postSolution
		SolutionGuid = {602DBEE2-B0F6-4BAA-AF21-5CB5ED0E7882}
	EndGlobalSection
EndGlobal
